<?xml version="1.0" encoding="utf-8"?>
<Project ToolsVersion="4.0" xmlns="http://schemas.microsoft.com/developer/msbuild/2003">
  <ItemGroup>
    <Filter Include="Pliki źródłowe">
      <UniqueIdentifier>{4FC737F1-C7A5-4376-A066-2A32D752A2FF}</UniqueIdentifier>
      <Extensions>cpp;c;cc;cxx;c++;cppm;ixx;def;odl;idl;hpj;bat;asm;asmx</Extensions>
    </Filter>
    <Filter Include="Pliki nagłówkowe">
      <UniqueIdentifier>{93995380-89BD-4b04-88EB-625FBE52EBFB}</UniqueIdentifier>
      <Extensions>h;hh;hpp;hxx;h++;hm;inl;inc;ipp;xsd</Extensions>
    </Filter>
    <Filter Include="Pliki zasobów">
      <UniqueIdentifier>{67DA6AB6-F800-4c08-8B7A-83BB121AAD01}</UniqueIdentifier>
      <Extensions>rc;ico;cur;bmp;dlg;rc2;rct;bin;rgs;gif;jpg;jpeg;jpe;resx;tiff;tif;png;wav;mfcribbon-ms</Extensions>
    </Filter>
  </ItemGroup>
  <ItemGroup>
    <ClCompile Include="source\main.c">
      <Filter>Pliki źródłowe</Filter>
    </ClCompile>
    <ClCompile Include="source\cJSON.c">
      <Filter>Pliki źródłowe</Filter>
    </ClCompile>
    <ClCompile Include="source\ADV.c">
      <Filter>Pliki źródłowe</Filter>
    </ClCompile>
    <ClCompile Include="source\SDL_FontCache.c">
      <Filter>Pliki źródłowe</Filter>
    </ClCompile>
  </ItemGroup>
  <ItemGroup>
    <ClInclude Include="source\cJSON.h">
      <Filter>Pliki źródłowe</Filter>
    </ClInclude>
    <ClInclude Include="source\ADV.h">
      <Filter>Pliki źródłowe</Filter>
    </ClInclude>
    <ClInclude Include="source\SDL_FontCache.h">
      <Filter>Pliki źródłowe</Filter>
    </ClInclude>
    <ClInclude Include="source\dirent.h">
      <Filter>Pliki źródłowe</Filter>
    </ClInclude>
  </ItemGroup>
  <ItemGroup>
    <None Include="resources\templates\1.20.6\advancements.json">
      <Filter>Pliki zasobów</Filter>
    </None>
  </ItemGroup>
  <ItemGroup>
    <Font Include="resources\fonts\Minecraft.ttf">
      <Filter>Pliki zasobów</Filter>
    </Font>
  </ItemGroup>
  <ItemGroup>
    <Image Include="resources\sprites\items\honey_block.png">
      <Filter>Pliki zasobów</Filter>
    </Image>
    <Image Include="resources\sprites\items\beacon.png">
      <Filter>Pliki zasobów</Filter>
    </Image>
  </ItemGroup>
</Project>